{
  "requires": true,
  "lockfileVersion": 1,
  "dependencies": {
    "@formkit/core": {
      "version": "1.0.0-beta.8",
      "resolved": "https://registry.npmjs.org/@formkit/core/-/core-1.0.0-beta.8.tgz",
      "integrity": "sha512-oHOfdKM0DX4gwxdzwdYHjmb02v62A/zR+eVVhGLes14ObhGvW9HD1mQqUgMZRKB5mEvgu6262v0nTcXZTFlEPQ==",
      "requires": {
        "@formkit/utils": "1.0.0-beta.8"
      }
    },
    "@formkit/dev": {
      "version": "1.0.0-beta.8",
      "resolved": "https://registry.npmjs.org/@formkit/dev/-/dev-1.0.0-beta.8.tgz",
      "integrity": "sha512-ZlEpPBmxwvdvXlUoY7Cmon1lrflBB3/wg80/6LT5vlkWBswk9BSbRlk+hwYko8xYH6TDA4s6r1jcYOObNYTkGw==",
      "requires": {
        "@formkit/core": "1.0.0-beta.8",
        "@formkit/utils": "1.0.0-beta.8"
      }
    },
    "@formkit/i18n": {
      "version": "1.0.0-beta.8",
      "resolved": "https://registry.npmjs.org/@formkit/i18n/-/i18n-1.0.0-beta.8.tgz",
      "integrity": "sha512-hMnXdv2zobkEMUxJba40RY3pm4pAevQGgZe3PUniujdHxlK0h+RgqIIbhWroAf4qP1RPOOy9RZdOgVJw3qNYEA==",
      "requires": {
        "@formkit/core": "1.0.0-beta.8",
        "@formkit/utils": "1.0.0-beta.8",
        "@formkit/validation": "1.0.0-beta.8"
      }
    },
    "@formkit/inputs": {
      "version": "1.0.0-beta.8",
      "resolved": "https://registry.npmjs.org/@formkit/inputs/-/inputs-1.0.0-beta.8.tgz",
      "integrity": "sha512-cmIVxU2WQMqneKN6ZIxN6mfAGEi2xDt/H9tNZCumz4/Zvgau75zu4+E9lT/ptexCeWKe1hUjSrOutTDKWJ/JGw==",
      "requires": {
        "@formkit/core": "1.0.0-beta.8"
      }
    },
    "@formkit/observer": {
      "version": "1.0.0-beta.8",
      "resolved": "https://registry.npmjs.org/@formkit/observer/-/observer-1.0.0-beta.8.tgz",
      "integrity": "sha512-e7BFqWG+XOAnTHECe0QRvOmQGNGsTz2vw8yQayDk4DmxrvZ/DPO8js6mhQ18t2CdnsZaFg2ETnW7n4hFAfAZXQ==",
      "requires": {
        "@formkit/core": "1.0.0-beta.8",
        "@formkit/utils": "1.0.0-beta.8"
      }
    },
    "@formkit/rules": {
      "version": "1.0.0-beta.8",
      "resolved": "https://registry.npmjs.org/@formkit/rules/-/rules-1.0.0-beta.8.tgz",
      "integrity": "sha512-0or3seb3xuw7Gz3fAedXmo5iJz/0elYLQ0XOoxhNAlmg7o691VwJCVf49l5pdHjTF8Fbu5SnNAENOar4oroyCQ==",
      "requires": {
        "@formkit/core": "1.0.0-beta.8",
        "@formkit/utils": "1.0.0-beta.8",
        "@formkit/validation": "1.0.0-beta.8"
      }
    },
    "@formkit/utils": {
      "version": "1.0.0-beta.8",
      "resolved": "https://registry.npmjs.org/@formkit/utils/-/utils-1.0.0-beta.8.tgz",
      "integrity": "sha512-ahAHFJBGIJvNWGuIQuAwUceblzKWO+c5MrNMQa3Xcl/CJtKQSgscSVcj2aZvV1KRUKxKZh3Ou73zrWK28SNFGw=="
    },
    "@formkit/validation": {
      "version": "1.0.0-beta.8",
      "resolved": "https://registry.npmjs.org/@formkit/validation/-/validation-1.0.0-beta.8.tgz",
      "integrity": "sha512-gwfclfozBt6QdpYF3KdT823VKK261of8HwEVLHnYFUyEOFRjROjqWrnRdDJsC0GkQb6rWNJZZJciv9/RRo7ifQ==",
      "requires": {
        "@formkit/core": "1.0.0-beta.8",
        "@formkit/observer": "1.0.0-beta.8"
      }
    },
    "@formkit/vue": {
      "version": "1.0.0-beta.8",
      "resolved": "https://registry.npmjs.org/@formkit/vue/-/vue-1.0.0-beta.8.tgz",
      "integrity": "sha512-KuWGKcSwrdkvaeuBB40kAyBzEoIGDTehcrmF0MfhMkalphZHvotR/jBzIymx9zxMWxU6traEtQ2V/d+1Kov0IQ==",
      "requires": {
        "@formkit/core": "1.0.0-beta.8",
        "@formkit/dev": "1.0.0-beta.8",
        "@formkit/i18n": "1.0.0-beta.8",
        "@formkit/inputs": "1.0.0-beta.8",
        "@formkit/observer": "1.0.0-beta.8",
        "@formkit/rules": "1.0.0-beta.8",
        "@formkit/utils": "1.0.0-beta.8",
        "@formkit/validation": "1.0.0-beta.8"
      }
    },
    "@vue/devtools-api": {
      "version": "6.1.4",
      "resolved": "https://registry.npmjs.org/@vue/devtools-api/-/devtools-api-6.1.4.tgz",
      "integrity": "sha512-IiA0SvDrJEgXvVxjNkHPFfDx6SXw0b/TUkqMcDZWNg9fnCAHbTpoo59YfJ9QLFkwa3raau5vSlRVzMSLDnfdtQ=="
    },
    "asynckit": {
      "version": "0.4.0",
      "resolved": "https://registry.npmjs.org/asynckit/-/asynckit-0.4.0.tgz",
      "integrity": "sha1-x57Zf380y48robyXkLzDZkdLS3k="
    },
    "axios": {
      "version": "0.27.2",
      "resolved": "https://registry.npmjs.org/axios/-/axios-0.27.2.tgz",
      "integrity": "sha512-t+yRIyySRTp/wua5xEr+z1q60QmLq8ABsS5O9Me1AsE5dfKqgnCFzwiCZZ/cGNd1lq4/7akDWMxdhVlucjmnOQ==",
      "requires": {
        "follow-redirects": "^1.14.9",
        "form-data": "^4.0.0"
      }
    },
    "combined-stream": {
      "version": "1.0.8",
      "resolved": "https://registry.npmjs.org/combined-stream/-/combined-stream-1.0.8.tgz",
      "integrity": "sha512-FQN4MRfuJeHf7cBbBMJFXhKSDq+2kAArBlmRBvcvFE5BB1HZKXtSFASDhdlz9zOYwxh8lDdnvmMOe/+5cdoEdg==",
      "requires": {
        "delayed-stream": "~1.0.0"
      }
    },
    "delayed-stream": {
      "version": "1.0.0",
      "resolved": "https://registry.npmjs.org/delayed-stream/-/delayed-stream-1.0.0.tgz",
      "integrity": "sha1-3zrhmayt+31ECqrgsp4icrJOxhk="
    },
    "follow-redirects": {
      "version": "1.15.0",
      "resolved": "https://registry.npmjs.org/follow-redirects/-/follow-redirects-1.15.0.tgz",
      "integrity": "sha512-aExlJShTV4qOUOL7yF1U5tvLCB0xQuudbf6toyYA0E/acBNw71mvjFTnLaRp50aQaYocMR0a/RMMBIHeZnGyjQ=="
    },
    "form-data": {
      "version": "4.0.0",
      "resolved": "https://registry.npmjs.org/form-data/-/form-data-4.0.0.tgz",
      "integrity": "sha512-ETEklSGi5t0QMZuiXoA/Q6vcnxcLQP5vdugSpuAyi6SVGi2clPPp+xgEhuMaHC+zGgn31Kd235W35f7Hykkaww==",
      "requires": {
        "asynckit": "^0.4.0",
        "combined-stream": "^1.0.8",
        "mime-types": "^2.1.12"
      }
    },
    "mime-db": {
      "version": "1.52.0",
      "resolved": "https://registry.npmjs.org/mime-db/-/mime-db-1.52.0.tgz",
      "integrity": "sha512-sPU4uV7dYlvtWJxwwxHD0PuihVNiE7TyAbQ5SWxDCB9mUYvOgroQOwYQQOKPJ8CIbE+1ETVlOoK1UC2nU3gYvg=="
    },
    "mime-types": {
      "version": "2.1.35",
      "resolved": "https://registry.npmjs.org/mime-types/-/mime-types-2.1.35.tgz",
      "integrity": "sha512-ZDY+bPm5zTTF+YpCrAU9nK0UgICYPT0QtT1NZWFv4s++TNkcgVaT0g6+4R2uI4MjQjzysHB1zxuWL50hzaeXiw==",
      "requires": {
        "mime-db": "1.52.0"
      }
    },
    "vue-router": {
      "version": "4.0.13",
      "resolved": "https://registry.npmjs.org/vue-router/-/vue-router-4.0.13.tgz",
      "integrity": "sha512-LmXrC+BkDRLak+d5xTMgUYraT3Nj0H/vCbP+7usGvIl9Viqd1UP6AsP0i69pSbn9O0dXK/xCdp4yPw21HqV9Jw==",
      "requires": {
        "@vue/devtools-api": "^6.0.0"
      }
    }
  }
}
